
Microsoft Visual Studio Solution File, Format Version 12.00
# Visual Studio Version 17
VisualStudioVersion = 17.7.34221.43
MinimumVisualStudioVersion = 10.0.40219.1
Project("{FAE04EC0-301F-11D3-BF4B-00C04F79EFBC}") = "Typing Speed Test2", "Typing Speed Test2\Typing Speed Test2.csproj", "{B288C1BD-7904-4DE5-B539-F93E45114DA3}"
EndProject
Global
	GlobalSection(SolutionConfigurationPlatforms) = preSolution
		Debug|Any CPU = Debug|Any CPU
		Release|Any CPU = Release|Any CPU
	EndGlobalSection
	GlobalSection(ProjectConfigurationPlatforms) = postSolution
		{B288C1BD-7904-4DE5-B539-F93E45114DA3}.Debug|Any CPU.ActiveCfg = Debug|Any CPU
		{B288C1BD-7904-4DE5-B539-F93E45114DA3}.Debug|Any CPU.Build.0 = Debug|Any CPU
		{B288C1BD-7904-4DE5-B539-F93E45114DA3}.Release|Any CPU.ActiveCfg = Release|Any CPU
		{B288C1BD-7904-4DE5-B539-F93E45114DA3}.Release|Any CPU.Build.0 = Release|Any CPU
	EndGlobalSection
	GlobalSection(SolutionProperties) = preSolution
		HideSolutionNode = FALSE
	EndGlobalSection
	GlobalSection(ExtensibilityGlobals) = postSolution
		SolutionGuid = {009804AC-E39B-41D8-AF53-F716570AD2A4}
	EndGlobalSection
EndGlobal
